// !$*UTF8*$!
{
	archiveVersion = 1;
	classes = {
	};
	objectVersion = 48;
	objects = {

/* Begin PBXBuildFile section */
		59DD4D091F983DF8005212AB /* AppDelegate.swift in Sources */ = {isa = PBXBuildFile; fileRef = 59DD4D081F983DF8005212AB /* AppDelegate.swift */; };
		59DD4D0B1F983DF8005212AB /* FaceDetectionViewController.swift in Sources */ = {isa = PBXBuildFile; fileRef = 59DD4D0A1F983DF8005212AB /* FaceDetectionViewController.swift */; };
		59DD4D0E1F983DF8005212AB /* Main.storyboard in Resources */ = {isa = PBXBuildFile; fileRef = 59DD4D0C1F983DF8005212AB /* Main.storyboard */; };
		59DD4D101F983DF8005212AB /* Assets.xcassets in Resources */ = {isa = PBXBuildFile; fileRef = 59DD4D0F1F983DF8005212AB /* Assets.xcassets */; };
		59DD4D131F983DF8005212AB /* LaunchScreen.storyboard in Resources */ = {isa = PBXBuildFile; fileRef = 59DD4D111F983DF8005212AB /* LaunchScreen.storyboard */; };
		59DD4D1D1F983F9A005212AB /* CategoryController.swift in Sources */ = {isa = PBXBuildFile; fileRef = 59DD4D1C1F983F9A005212AB /* CategoryController.swift */; };
		59DD4D1F1F9840B5005212AB /* DataSource.swift in Sources */ = {isa = PBXBuildFile; fileRef = 59DD4D1E1F9840B5005212AB /* DataSource.swift */; };
		59DD4D211F985726005212AB /* ObjectDetectionViewController.swift in Sources */ = {isa = PBXBuildFile; fileRef = 59DD4D201F985726005212AB /* ObjectDetectionViewController.swift */; };
		59DD4D231F985754005212AB /* SpamDetectionViewController.swift in Sources */ = {isa = PBXBuildFile; fileRef = 59DD4D221F985754005212AB /* SpamDetectionViewController.swift */; };
		59DD4D251F986024005212AB /* UIImage+CVPixelBuffer.swift in Sources */ = {isa = PBXBuildFile; fileRef = 59DD4D241F986024005212AB /* UIImage+CVPixelBuffer.swift */; };
		59DD4D271F9860CC005212AB /* Inceptionv3.mlmodel in Sources */ = {isa = PBXBuildFile; fileRef = 59DD4D261F986082005212AB /* Inceptionv3.mlmodel */; };
/* End PBXBuildFile section */

/* Begin PBXFileReference section */
		59DD4D051F983DF8005212AB /* CoreMLExamples.app */ = {isa = PBXFileReference; explicitFileType = wrapper.application; includeInIndex = 0; path = CoreMLExamples.app; sourceTree = BUILT_PRODUCTS_DIR; };
		59DD4D081F983DF8005212AB /* AppDelegate.swift */ = {isa = PBXFileReference; lastKnownFileType = sourcecode.swift; path = AppDelegate.swift; sourceTree = "<group>"; };
		59DD4D0A1F983DF8005212AB /* FaceDetectionViewController.swift */ = {isa = PBXFileReference; lastKnownFileType = sourcecode.swift; path = FaceDetectionViewController.swift; sourceTree = "<group>"; };
		59DD4D0D1F983DF8005212AB /* Base */ = {isa = PBXFileReference; lastKnownFileType = file.storyboard; name = Base; path = Base.lproj/Main.storyboard; sourceTree = "<group>"; };
		59DD4D0F1F983DF8005212AB /* Assets.xcassets */ = {isa = PBXFileReference; lastKnownFileType = folder.assetcatalog; path = Assets.xcassets; sourceTree = "<group>"; };
		59DD4D121F983DF8005212AB /* Base */ = {isa = PBXFileReference; lastKnownFileType = file.storyboard; name = Base; path = Base.lproj/LaunchScreen.storyboard; sourceTree = "<group>"; };
		59DD4D141F983DF8005212AB /* Info.plist */ = {isa = PBXFileReference; lastKnownFileType = text.plist.xml; path = Info.plist; sourceTree = "<group>"; };
		59DD4D1C1F983F9A005212AB /* CategoryController.swift */ = {isa = PBXFileReference; lastKnownFileType = sourcecode.swift; path = CategoryController.swift; sourceTree = "<group>"; };
		59DD4D1E1F9840B5005212AB /* DataSource.swift */ = {isa = PBXFileReference; lastKnownFileType = sourcecode.swift; path = DataSource.swift; sourceTree = "<group>"; };
		59DD4D201F985726005212AB /* ObjectDetectionViewController.swift */ = {isa = PBXFileReference; lastKnownFileType = sourcecode.swift; path = ObjectDetectionViewController.swift; sourceTree = "<group>"; };
		59DD4D221F985754005212AB /* SpamDetectionViewController.swift */ = {isa = PBXFileReference; lastKnownFileType = sourcecode.swift; path = SpamDetectionViewController.swift; sourceTree = "<group>"; };
		59DD4D241F986024005212AB /* UIImage+CVPixelBuffer.swift */ = {isa = PBXFileReference; lastKnownFileType = sourcecode.swift; path = "UIImage+CVPixelBuffer.swift"; sourceTree = "<group>"; };
		59DD4D261F986082005212AB /* Inceptionv3.mlmodel */ = {isa = PBXFileReference; lastKnownFileType = file.mlmodel; path = Inceptionv3.mlmodel; sourceTree = "<group>"; };
/* End PBXFileReference section */

/* Begin PBXFrameworksBuildPhase section */
		59DD4D021F983DF8005212AB /* Frameworks */ = {
			isa = PBXFrameworksBuildPhase;
			buildActionMask = 2147483647;
			files = (
			);
			runOnlyForDeploymentPostprocessing = 0;
		};
/* End PBXFrameworksBuildPhase section */

/* Begin PBXGroup section */
		59DD4CFC1F983DF8005212AB = {
			isa = PBXGroup;
			children = (
				59DD4D071F983DF8005212AB /* CoreMLExamples */,
				59DD4D061F983DF8005212AB /* Products */,
			);
			sourceTree = "<group>";
		};
		59DD4D061F983DF8005212AB /* Products */ = {
			isa = PBXGroup;
			children = (
				59DD4D051F983DF8005212AB /* CoreMLExamples.app */,
			);
			name = Products;
			sourceTree = "<group>";
		};
		59DD4D071F983DF8005212AB /* CoreMLExamples */ = {
			isa = PBXGroup;
			children = (
				59DD4D261F986082005212AB /* Inceptionv3.mlmodel */,
				59DD4D081F983DF8005212AB /* AppDelegate.swift */,
				59DD4D1E1F9840B5005212AB /* DataSource.swift */,
				59DD4D1C1F983F9A005212AB /* CategoryController.swift */,
				59DD4D0A1F983DF8005212AB /* FaceDetectionViewController.swift */,
				59DD4D201F985726005212AB /* ObjectDetectionViewController.swift */,
				59DD4D221F985754005212AB /* SpamDetectionViewController.swift */,
				59DD4D241F986024005212AB /* UIImage+CVPixelBuffer.swift */,
				59DD4D0C1F983DF8005212AB /* Main.storyboard */,
				59DD4D0F1F983DF8005212AB /* Assets.xcassets */,
				59DD4D111F983DF8005212AB /* LaunchScreen.storyboard */,
				59DD4D141F983DF8005212AB /* Info.plist */,
			);
			path = CoreMLExamples;
			sourceTree = "<group>";
		};
/* End PBXGroup section */

/* Begin PBXNativeTarget section */
		59DD4D041F983DF8005212AB /* CoreMLExamples */ = {
			isa = PBXNativeTarget;
			buildConfigurationList = 59DD4D171F983DF8005212AB /* Build configuration list for PBXNativeTarget "CoreMLExamples" */;
			buildPhases = (
				59DD4D011F983DF8005212AB /* Sources */,
				59DD4D021F983DF8005212AB /* Frameworks */,
				59DD4D031F983DF8005212AB /* Resources */,
			);
			buildRules = (
			);
			dependencies = (
			);
			name = CoreMLExamples;
			productName = CoreMLExamples;
			productReference = 59DD4D051F983DF8005212AB /* CoreMLExamples.app */;
			productType = "com.apple.product-type.application";
		};
/* End PBXNativeTarget section */

/* Begin PBXProject section */
		59DD4CFD1F983DF8005212AB /* Project object */ = {
			isa = PBXProject;
			attributes = {
				LastSwiftUpdateCheck = 0900;
				LastUpgradeCheck = 0900;
				ORGANIZATIONNAME = "Wei Xie";
				TargetAttributes = {
					59DD4D041F983DF8005212AB = {
						CreatedOnToolsVersion = 9.0;
						ProvisioningStyle = Automatic;
					};
				};
			};
			buildConfigurationList = 59DD4D001F983DF8005212AB /* Build configuration list for PBXProject "CoreMLExamples" */;
			compatibilityVersion = "Xcode 8.0";
			developmentRegion = en;
			hasScannedForEncodings = 0;
			knownRegions = (
				en,
				Base,
			);
			mainGroup = 59DD4CFC1F983DF8005212AB;
			productRefGroup = 59DD4D061F983DF8005212AB /* Products */;
			projectDirPath = "";
			projectRoot = "";
			targets = (
				59DD4D041F983DF8005212AB /* CoreMLExamples */,
			);
		};
/* End PBXProject section */

/* Begin PBXResourcesBuildPhase section */
		59DD4D031F983DF8005212AB /* Resources */ = {
			isa = PBXResourcesBuildPhase;
			buildActionMask = 2147483647;
			files = (
				59DD4D131F983DF8005212AB /* LaunchScreen.storyboard in Resources */,
				59DD4D101F983DF8005212AB /* Assets.xcassets in Resources */,
				59DD4D0E1F983DF8005212AB /* Main.storyboard in Resources */,
			);
			runOnlyForDeploymentPostprocessing = 0;
		};
/* End PBXResourcesBuildPhase section */

/* Begin PBXSourcesBuildPhase section */
		59DD4D011F983DF8005212AB /* Sources */ = {
			isa = PBXSourcesBuildPhase;
			buildActionMask = 2147483647;
			files = (
				59DD4D0B1F983DF8005212AB /* FaceDetectionViewController.swift in Sources */,
				59DD4D211F985726005212AB /* ObjectDetectionViewController.swift in Sources */,
				59DD4D091F983DF8005212AB /* AppDelegate.swift in Sources */,
				59DD4D231F985754005212AB /* SpamDetectionViewController.swift in Sources */,
				59DD4D251F986024005212AB /* UIImage+CVPixelBuffer.swift in Sources */,
				59DD4D271F9860CC005212AB /* Inceptionv3.mlmodel in Sources */,
				59DD4D1F1F9840B5005212AB /* DataSource.swift in Sources */,
				59DD4D1D1F983F9A005212AB /* CategoryController.swift in Sources */,
			);
			runOnlyForDeploymentPostprocessing = 0;
		};
/* End PBXSourcesBuildPhase section */

/* Begin PBXVariantGroup section */
		59DD4D0C1F983DF8005212AB /* Main.storyboard */ = {
			isa = PBXVariantGroup;
			children = (
				59DD4D0D1F983DF8005212AB /* Base */,
			);
			name = Main.storyboard;
			sourceTree = "<group>";
		};
		59DD4D111F983DF8005212AB /* LaunchScreen.storyboard */ = {
			isa = PBXVariantGroup;
			children = (
				59DD4D121F983DF8005212AB /* Base */,
			);
			name = LaunchScreen.storyboard;
			sourceTree = "<group>";
		};
/* End PBXVariantGroup section */

/* Begin XCBuildConfiguration section */
		59DD4D151F983DF8005212AB /* Debug */ = {
			isa = XCBuildConfiguration;
			buildSettings = {
				ALWAYS_SEARCH_USER_PATHS = NO;
				CLANG_ANALYZER_NONNULL = YES;
				CLANG_ANALYZER_NUMBER_OBJECT_CONVERSION = YES_AGGRESSIVE;
				CLANG_CXX_LANGUAGE_STANDARD = "gnu++14";
				CLANG_CXX_LIBRARY = "libc++";
				CLANG_ENABLE_MODULES = YES;
				CLANG_ENABLE_OBJC_ARC = YES;
				CLANG_WARN_BLOCK_CAPTURE_AUTORELEASING = YES;
				CLANG_WARN_BOOL_CONVERSION = YES;
				CLANG_WARN_COMMA = YES;
				CLANG_WARN_CONSTANT_CONVERSION = YES;
				CLANG_WARN_DIRECT_OBJC_ISA_USAGE = YES_ERROR;
				CLANG_WARN_DOCUMENTATION_COMMENTS = YES;
				CLANG_WARN_EMPTY_BODY = YES;
				CLANG_WARN_ENUM_CONVERSION = YES;
				CLANG_WARN_INFINITE_RECURSION = YES;
				CLANG_WARN_INT_CONVERSION = YES;
				CLANG_WARN_NON_LITERAL_NULL_CONVERSION = YES;
				CLANG_WARN_OBJC_LITERAL_CONVERSION = YES;
				CLANG_WARN_OBJC_ROOT_CLASS = YES_ERROR;
				CLANG_WARN_RANGE_LOOP_ANALYSIS = YES;
				CLANG_WARN_STRICT_PROTOTYPES = YES;
				CLANG_WARN_SUSPICIOUS_MOVE = YES;
				CLANG_WARN_UNGUARDED_AVAILABILITY = YES_AGGRESSIVE;
				CLANG_WARN_UNREACHABLE_CODE = YES;
				CLANG_WARN__DUPLICATE_METHOD_MATCH = YES;
				CODE_SIGN_IDENTITY = "iPhone Developer";
				COPY_PHASE_STRIP = NO;
				DEBUG_INFORMATION_FORMAT = dwarf;
				ENABLE_STRICT_OBJC_MSGSEND = YES;
				ENABLE_TESTABILITY = YES;
				GCC_C_LANGUAGE_STANDARD = gnu11;
				GCC_DYNAMIC_NO_PIC = NO;
				GCC_NO_COMMON_BLOCKS = YES;
				GCC_OPTIMIZATION_LEVEL = 0;
				GCC_PREPROCESSOR_DEFINITIONS = (
					"DEBUG=1",
					"$(inherited)",
				);
				GCC_WARN_64_TO_32_BIT_CONVERSION = YES;
				GCC_WARN_ABOUT_RETURN_TYPE = YES_ERROR;
				GCC_WARN_UNDECLARED_SELECTOR = YES;
				GCC_WARN_UNINITIALIZED_AUTOS = YES_AGGRESSIVE;
				GCC_WARN_UNUSED_FUNCTION = YES;
				GCC_WARN_UNUSED_VARIABLE = YES;
				IPHONEOS_DEPLOYMENT_TARGET = 11.0;
				MTL_ENABLE_DEBUG_INFO = YES;
				ONLY_ACTIVE_ARCH = YES;
				SDKROOT = iphoneos;
				SWIFT_ACTIVE_COMPILATION_CONDITIONS = DEBUG;
				SWIFT_OPTIMIZATION_LEVEL = "-Onone";
			};
			name = Debug;
		};
		59DD4D161F983DF8005212AB /* Release */ = {
			isa = XCBuildConfiguration;
			buildSettings = {
				ALWAYS_SEARCH_USER_PATHS = NO;
				CLANG_ANALYZER_NONNULL = YES;
				CLANG_ANALYZER_NUMBER_OBJECT_CONVERSION = YES_AGGRESSIVE;
				CLANG_CXX_LANGUAGE_STANDARD = "gnu++14";
				CLANG_CXX_LIBRARY = "libc++";
				CLANG_ENABLE_MODULES = YES;
				CLANG_ENABLE_OBJC_ARC = YES;
				CLANG_WARN_BLOCK_CAPTURE_AUTORELEASING = YES;
				CLANG_WARN_BOOL_CONVERSION = YES;
				CLANG_WARN_COMMA = YES;
				CLANG_WARN_CONSTANT_CONVERSION = YES;
				CLANG_WARN_DIRECT_OBJC_ISA_USAGE = YES_ERROR;
				CLANG_WARN_DOCUMENTATION_COMMENTS = YES;
				CLANG_WARN_EMPTY_BODY = YES;
				CLANG_WARN_ENUM_CONVERSION = YES;
				CLANG_WARN_INFINITE_RECURSION = YES;
				CLANG_WARN_INT_CONVERSION = YES;
				CLANG_WARN_NON_LITERAL_NULL_CONVERSION = YES;
				CLANG_WARN_OBJC_LITERAL_CONVERSION = YES;
				CLANG_WARN_OBJC_ROOT_CLASS = YES_ERROR;
				CLANG_WARN_RANGE_LOOP_ANALYSIS = YES;
				CLANG_WARN_STRICT_PROTOTYPES = YES;
				CLANG_WARN_SUSPICIOUS_MOVE = YES;
				CLANG_WARN_UNGUARDED_AVAILABILITY = YES_AGGRESSIVE;
				CLANG_WARN_UNREACHABLE_CODE = YES;
				CLANG_WARN__DUPLICATE_METHOD_MATCH = YES;
				CODE_SIGN_IDENTITY = "iPhone Developer";
				COPY_PHASE_STRIP = NO;
				DEBUG_INFORMATION_FORMAT = "dwarf-with-dsym";
				ENABLE_NS_ASSERTIONS = NO;
				ENABLE_STRICT_OBJC_MSGSEND = YES;
				GCC_C_LANGUAGE_STANDARD = gnu11;
				GCC_NO_COMMON_BLOCKS = YES;
				GCC_WARN_64_TO_32_BIT_CONVERSION = YES;
				GCC_WARN_ABOUT_RETURN_TYPE = YES_ERROR;
				GCC_WARN_UNDECLARED_SELECTOR = YES;
				GCC_WARN_UNINITIALIZED_AUTOS = YES_AGGRESSIVE;
				GCC_WARN_UNUSED_FUNCTION = YES;
				GCC_WARN_UNUSED_VARIABLE = YES;
				IPHONEOS_DEPLOYMENT_TARGET = 11.0;
				MTL_ENABLE_DEBUG_INFO = NO;
				SDKROOT = iphoneos;
				SWIFT_OPTIMIZATION_LEVEL = "-Owholemodule";
				VALIDATE_PRODUCT = YES;
			};
			name = Release;
		};
		59DD4D181F983DF8005212AB /* Debug */ = {
			isa = XCBuildConfiguration;
			buildSettings = {
				ASSETCATALOG_COMPILER_APPICON_NAME = AppIcon;
				CODE_SIGN_STYLE = Automatic;
				DEVELOPMENT_TEAM = 7Y96TQYLNN;
				INFOPLIST_FILE = CoreMLExamples/Info.plist;
				LD_RUNPATH_SEARCH_PATHS = "$(inherited) @executable_path/Frameworks";
				PRODUCT_BUNDLE_IDENTIFIER = com.irdeto.CoreMLExamples;
				PRODUCT_NAME = "$(TARGET_NAME)";
				SWIFT_VERSION = 4.0;
				TARGETED_DEVICE_FAMILY = "1,2";
			};
			name = Debug;
		};
		59DD4D191F983DF8005212AB /* Release */ = {
			isa = XCBuildConfiguration;
			buildSettings = {
				ASSETCATALOG_COMPILER_APPICON_NAME = AppIcon;
				CODE_SIGN_STYLE = Automatic;
				DEVELOPMENT_TEAM = 7Y96TQYLNN;
				INFOPLIST_FILE = CoreMLExamples/Info.plist;
				LD_RUNPATH_SEARCH_PATHS = "$(inherited) @executable_path/Frameworks";
				PRODUCT_BUNDLE_IDENTIFIER = com.irdeto.CoreMLExamples;
				PRODUCT_NAME = "$(TARGET_NAME)";
				SWIFT_VERSION = 4.0;
				TARGETED_DEVICE_FAMILY = "1,2";
			};
			name = Release;
		};
/* End XCBuildConfiguration section */

/* Begin XCConfigurationList section */
		59DD4D001F983DF8005212AB /* Build configuration list for PBXProject "CoreMLExamples" */ = {
			isa = XCConfigurationList;
			buildConfigurations = (
				59DD4D151F983DF8005212AB /* Debug */,
				59DD4D161F983DF8005212AB /* Release */,
			);
			defaultConfigurationIsVisible = 0;
			defaultConfigurationName = Release;
		};
		59DD4D171F983DF8005212AB /* Build configuration list for PBXNativeTarget "CoreMLExamples" */ = {
			isa = XCConfigurationList;
			buildConfigurations = (
				59DD4D181F983DF8005212AB /* Debug */,
				59DD4D191F983DF8005212AB /* Release */,
			);
			defaultConfigurationIsVisible = 0;
			defaultConfigurationName = Release;
		};
/* End XCConfigurationList section */
	};
	rootObject = 59DD4CFD1F983DF8005212AB /* Project object */;
}
